
Microsoft Visual Studio Solution File, Format Version 12.00
# Visual Studio Version 17
VisualStudioVersion = 17.8.34330.188
MinimumVisualStudioVersion = 10.0.40219.1
Project("{FAE04EC0-301F-11D3-BF4B-00C04F79EFBC}") = "NLayerCarRentalArchitecture", "NLayerCarRentalArchitecture\NLayerCarRentalArchitecture.csproj", "{B835B05D-8BCE-44FB-9FB9-76307378EB46}"
EndProject
Project("{FAE04EC0-301F-11D3-BF4B-00C04F79EFBC}") = "CarRentalBAL", "CarRentalBAL\CarRentalBAL.csproj", "{673F088D-7D66-48B3-AE36-333DE14B40F7}"
EndProject
Project("{FAE04EC0-301F-11D3-BF4B-00C04F79EFBC}") = "CarRentalDAL", "CarRentalDAL\CarRentalDAL.csproj", "{119933DB-831B-4C0F-A118-82862CD7BEA9}"
EndProject
Global
	GlobalSection(SolutionConfigurationPlatforms) = preSolution
		Debug|Any CPU = Debug|Any CPU
		Release|Any CPU = Release|Any CPU
	EndGlobalSection
	GlobalSection(ProjectConfigurationPlatforms) = postSolution
		{B835B05D-8BCE-44FB-9FB9-76307378EB46}.Debug|Any CPU.ActiveCfg = Debug|Any CPU
		{B835B05D-8BCE-44FB-9FB9-76307378EB46}.Debug|Any CPU.Build.0 = Debug|Any CPU
		{B835B05D-8BCE-44FB-9FB9-76307378EB46}.Release|Any CPU.ActiveCfg = Release|Any CPU
		{B835B05D-8BCE-44FB-9FB9-76307378EB46}.Release|Any CPU.Build.0 = Release|Any CPU
		{673F088D-7D66-48B3-AE36-333DE14B40F7}.Debug|Any CPU.ActiveCfg = Debug|Any CPU
		{673F088D-7D66-48B3-AE36-333DE14B40F7}.Debug|Any CPU.Build.0 = Debug|Any CPU
		{673F088D-7D66-48B3-AE36-333DE14B40F7}.Release|Any CPU.ActiveCfg = Release|Any CPU
		{673F088D-7D66-48B3-AE36-333DE14B40F7}.Release|Any CPU.Build.0 = Release|Any CPU
		{119933DB-831B-4C0F-A118-82862CD7BEA9}.Debug|Any CPU.ActiveCfg = Debug|Any CPU
		{119933DB-831B-4C0F-A118-82862CD7BEA9}.Debug|Any CPU.Build.0 = Debug|Any CPU
		{119933DB-831B-4C0F-A118-82862CD7BEA9}.Release|Any CPU.ActiveCfg = Release|Any CPU
		{119933DB-831B-4C0F-A118-82862CD7BEA9}.Release|Any CPU.Build.0 = Release|Any CPU
	EndGlobalSection
	GlobalSection(SolutionProperties) = preSolution
		HideSolutionNode = FALSE
	EndGlobalSection
	GlobalSection(ExtensibilityGlobals) = postSolution
		SolutionGuid = {5B87F3CB-F636-4F72-8982-89B7EFE85723}
	EndGlobalSection
EndGlobal
